
Microsoft Visual Studio Solution File, Format Version 12.00
# Visual Studio Version 16
VisualStudioVersion = 16.0.29519.87
MinimumVisualStudioVersion = 10.0.40219.1
Project("{2150E333-8FDC-42A3-9474-1A3956D46DE8}") = "MicroServices", "MicroServices", "{7D3C0B2D-43AF-4CFF-9188-C644277C399F}"
EndProject
Project("{2150E333-8FDC-42A3-9474-1A3956D46DE8}") = "MS_1", "MS_1", "{0E6A2537-AB94-4059-8E05-E485D25C9971}"
EndProject
Project("{FAE04EC0-301F-11D3-BF4B-00C04F79EFBC}") = "MS_1.API", "MS_1.API\MS_1.API.csproj", "{1447EFD2-32C9-4859-9881-FDF674B01AFA}"
EndProject
Project("{2150E333-8FDC-42A3-9474-1A3956D46DE8}") = "GateWay", "GateWay", "{A0E249B5-A588-454F-8456-DE422068D24D}"
EndProject
Project("{FAE04EC0-301F-11D3-BF4B-00C04F79EFBC}") = "PoCGateway", "PoCGateway\PoCGateway.csproj", "{6E5613E6-2AB7-48A1-A585-63E9AC8B23A8}"
EndProject
Project("{2150E333-8FDC-42A3-9474-1A3956D46DE8}") = "MS_2", "MS_2", "{B0690999-200E-4BBE-860B-FE29CB31A372}"
EndProject
Project("{FAE04EC0-301F-11D3-BF4B-00C04F79EFBC}") = "MS_2.API", "MS_2.API\MS_2.API.csproj", "{852AA368-112D-43AB-8A5F-C31C4C4016BF}"
EndProject
Global
	GlobalSection(SolutionConfigurationPlatforms) = preSolution
		Debug|Any CPU = Debug|Any CPU
		Release|Any CPU = Release|Any CPU
	EndGlobalSection
	GlobalSection(ProjectConfigurationPlatforms) = postSolution
		{1447EFD2-32C9-4859-9881-FDF674B01AFA}.Debug|Any CPU.ActiveCfg = Debug|Any CPU
		{1447EFD2-32C9-4859-9881-FDF674B01AFA}.Debug|Any CPU.Build.0 = Debug|Any CPU
		{1447EFD2-32C9-4859-9881-FDF674B01AFA}.Release|Any CPU.ActiveCfg = Release|Any CPU
		{1447EFD2-32C9-4859-9881-FDF674B01AFA}.Release|Any CPU.Build.0 = Release|Any CPU
		{6E5613E6-2AB7-48A1-A585-63E9AC8B23A8}.Debug|Any CPU.ActiveCfg = Debug|Any CPU
		{6E5613E6-2AB7-48A1-A585-63E9AC8B23A8}.Debug|Any CPU.Build.0 = Debug|Any CPU
		{6E5613E6-2AB7-48A1-A585-63E9AC8B23A8}.Release|Any CPU.ActiveCfg = Release|Any CPU
		{6E5613E6-2AB7-48A1-A585-63E9AC8B23A8}.Release|Any CPU.Build.0 = Release|Any CPU
		{852AA368-112D-43AB-8A5F-C31C4C4016BF}.Debug|Any CPU.ActiveCfg = Debug|Any CPU
		{852AA368-112D-43AB-8A5F-C31C4C4016BF}.Debug|Any CPU.Build.0 = Debug|Any CPU
		{852AA368-112D-43AB-8A5F-C31C4C4016BF}.Release|Any CPU.ActiveCfg = Release|Any CPU
		{852AA368-112D-43AB-8A5F-C31C4C4016BF}.Release|Any CPU.Build.0 = Release|Any CPU
	EndGlobalSection
	GlobalSection(SolutionProperties) = preSolution
		HideSolutionNode = FALSE
	EndGlobalSection
	GlobalSection(NestedProjects) = preSolution
		{0E6A2537-AB94-4059-8E05-E485D25C9971} = {7D3C0B2D-43AF-4CFF-9188-C644277C399F}
		{1447EFD2-32C9-4859-9881-FDF674B01AFA} = {0E6A2537-AB94-4059-8E05-E485D25C9971}
		{6E5613E6-2AB7-48A1-A585-63E9AC8B23A8} = {A0E249B5-A588-454F-8456-DE422068D24D}
		{B0690999-200E-4BBE-860B-FE29CB31A372} = {7D3C0B2D-43AF-4CFF-9188-C644277C399F}
		{852AA368-112D-43AB-8A5F-C31C4C4016BF} = {B0690999-200E-4BBE-860B-FE29CB31A372}
	EndGlobalSection
	GlobalSection(ExtensibilityGlobals) = postSolution
		SolutionGuid = {DB3D75FF-844D-471A-B6AE-576EADEFF50B}
	EndGlobalSection
EndGlobal
